
Microsoft Visual Studio Solution File, Format Version 12.00
# Visual Studio 2013
VisualStudioVersion = 12.0.20623.1 VSUPREVIEW
MinimumVisualStudioVersion = 10.0.40219.1
Project("{FAE04EC0-301F-11D3-BF4B-00C04F79EFBC}") = "TreeBurst.Web", "TreeBurst\TreeBurst.Web.csproj", "{D518150F-B104-4E2A-94BE-BD0F5EBB565E}"
EndProject
Project("{2150E333-8FDC-42A3-9474-1A3956D46DE8}") = ".nuget", ".nuget", "{B746BD11-58EC-4B91-B57E-5A46DADF0AB1}"
	ProjectSection(SolutionItems) = preProject
		.nuget\packages.config = .nuget\packages.config
	EndProjectSection
EndProject
Global
	GlobalSection(SolutionConfigurationPlatforms) = preSolution
		Debug|Any CPU = Debug|Any CPU
		Release|Any CPU = Release|Any CPU
	EndGlobalSection
	GlobalSection(ProjectConfigurationPlatforms) = postSolution
		{D518150F-B104-4E2A-94BE-BD0F5EBB565E}.Debug|Any CPU.ActiveCfg = Debug|Any CPU
		{D518150F-B104-4E2A-94BE-BD0F5EBB565E}.Debug|Any CPU.Build.0 = Debug|Any CPU
		{D518150F-B104-4E2A-94BE-BD0F5EBB565E}.Release|Any CPU.ActiveCfg = Release|Any CPU
		{D518150F-B104-4E2A-94BE-BD0F5EBB565E}.Release|Any CPU.Build.0 = Release|Any CPU
	EndGlobalSection
	GlobalSection(SolutionProperties) = preSolution
		HideSolutionNode = FALSE
	EndGlobalSection
EndGlobal
